// !$*UTF8*$!
{
	archiveVersion = 1;
	classes = {
	};
	objectVersion = 55;
	objects = {

/* Begin PBXBuildFile section */
		CE489DB528AB964F003F67DF /* AppDelegate.swift in Sources */ = {isa = PBXBuildFile; fileRef = CE489DB428AB964F003F67DF /* AppDelegate.swift */; };
		CE489DB728AB964F003F67DF /* SceneDelegate.swift in Sources */ = {isa = PBXBuildFile; fileRef = CE489DB628AB964F003F67DF /* SceneDelegate.swift */; };
		CE489DBE28AB9651003F67DF /* Assets.xcassets in Resources */ = {isa = PBXBuildFile; fileRef = CE489DBD28AB9651003F67DF /* Assets.xcassets */; };
		CE489DC128AB9651003F67DF /* LaunchScreen.storyboard in Resources */ = {isa = PBXBuildFile; fileRef = CE489DBF28AB9651003F67DF /* LaunchScreen.storyboard */; };
		CE489DD128AB981E003F67DF /* TabListtViewController.swift in Sources */ = {isa = PBXBuildFile; fileRef = CE489DD028AB981E003F67DF /* TabListtViewController.swift */; };
		CE489DD328ABB3CE003F67DF /* HTabViewCell.swift in Sources */ = {isa = PBXBuildFile; fileRef = CE489DD228ABB3CE003F67DF /* HTabViewCell.swift */; };
		CE489DD528ABB488003F67DF /* HTabViewCollectionView.swift in Sources */ = {isa = PBXBuildFile; fileRef = CE489DD428ABB488003F67DF /* HTabViewCollectionView.swift */; };
/* End PBXBuildFile section */

/* Begin PBXFileReference section */
		CE489DB128AB964F003F67DF /* HTabView.app */ = {isa = PBXFileReference; explicitFileType = wrapper.application; includeInIndex = 0; path = HTabView.app; sourceTree = BUILT_PRODUCTS_DIR; };
		CE489DB428AB964F003F67DF /* AppDelegate.swift */ = {isa = PBXFileReference; lastKnownFileType = sourcecode.swift; path = AppDelegate.swift; sourceTree = "<group>"; };
		CE489DB628AB964F003F67DF /* SceneDelegate.swift */ = {isa = PBXFileReference; lastKnownFileType = sourcecode.swift; path = SceneDelegate.swift; sourceTree = "<group>"; };
		CE489DBD28AB9651003F67DF /* Assets.xcassets */ = {isa = PBXFileReference; lastKnownFileType = folder.assetcatalog; path = Assets.xcassets; sourceTree = "<group>"; };
		CE489DC028AB9651003F67DF /* Base */ = {isa = PBXFileReference; lastKnownFileType = file.storyboard; name = Base; path = Base.lproj/LaunchScreen.storyboard; sourceTree = "<group>"; };
		CE489DC228AB9651003F67DF /* Info.plist */ = {isa = PBXFileReference; lastKnownFileType = text.plist.xml; path = Info.plist; sourceTree = "<group>"; };
		CE489DD028AB981E003F67DF /* TabListtViewController.swift */ = {isa = PBXFileReference; lastKnownFileType = sourcecode.swift; path = TabListtViewController.swift; sourceTree = "<group>"; };
		CE489DD228ABB3CE003F67DF /* HTabViewCell.swift */ = {isa = PBXFileReference; lastKnownFileType = sourcecode.swift; path = HTabViewCell.swift; sourceTree = "<group>"; };
		CE489DD428ABB488003F67DF /* HTabViewCollectionView.swift */ = {isa = PBXFileReference; lastKnownFileType = sourcecode.swift; path = HTabViewCollectionView.swift; sourceTree = "<group>"; };
/* End PBXFileReference section */

/* Begin PBXFrameworksBuildPhase section */
		CE489DAE28AB964F003F67DF /* Frameworks */ = {
			isa = PBXFrameworksBuildPhase;
			buildActionMask = 2147483647;
			files = (
			);
			runOnlyForDeploymentPostprocessing = 0;
		};
/* End PBXFrameworksBuildPhase section */

/* Begin PBXGroup section */
		CE489DA828AB964F003F67DF = {
			isa = PBXGroup;
			children = (
				CE489DB328AB964F003F67DF /* HTabView */,
				CE489DB228AB964F003F67DF /* Products */,
			);
			sourceTree = "<group>";
		};
		CE489DB228AB964F003F67DF /* Products */ = {
			isa = PBXGroup;
			children = (
				CE489DB128AB964F003F67DF /* HTabView.app */,
			);
			name = Products;
			sourceTree = "<group>";
		};
		CE489DB328AB964F003F67DF /* HTabView */ = {
			isa = PBXGroup;
			children = (
				CE489DC828AB9705003F67DF /* Application */,
				CE489DCA28AB971E003F67DF /* Modules */,
				CE489DC928AB9712003F67DF /* Support Files */,
				CE489DC228AB9651003F67DF /* Info.plist */,
			);
			path = HTabView;
			sourceTree = "<group>";
		};
		CE489DC828AB9705003F67DF /* Application */ = {
			isa = PBXGroup;
			children = (
				CE489DB628AB964F003F67DF /* SceneDelegate.swift */,
				CE489DB428AB964F003F67DF /* AppDelegate.swift */,
			);
			path = Application;
			sourceTree = "<group>";
		};
		CE489DC928AB9712003F67DF /* Support Files */ = {
			isa = PBXGroup;
			children = (
				CE489DBF28AB9651003F67DF /* LaunchScreen.storyboard */,
				CE489DBD28AB9651003F67DF /* Assets.xcassets */,
			);
			path = "Support Files";
			sourceTree = "<group>";
		};
		CE489DCA28AB971E003F67DF /* Modules */ = {
			isa = PBXGroup;
			children = (
				CE489DCB28AB9735003F67DF /* TabList */,
			);
			path = Modules;
			sourceTree = "<group>";
		};
		CE489DCB28AB9735003F67DF /* TabList */ = {
			isa = PBXGroup;
			children = (
				CE489DCF28AB9752003F67DF /* CustomUI */,
				CE489DCD28AB9744003F67DF /* Controller */,
			);
			path = TabList;
			sourceTree = "<group>";
		};
		CE489DCD28AB9744003F67DF /* Controller */ = {
			isa = PBXGroup;
			children = (
				CE489DD028AB981E003F67DF /* TabListtViewController.swift */,
			);
			path = Controller;
			sourceTree = "<group>";
		};
		CE489DCF28AB9752003F67DF /* CustomUI */ = {
			isa = PBXGroup;
			children = (
				CE489DD628ABB68E003F67DF /* HTabView */,
			);
			path = CustomUI;
			sourceTree = "<group>";
		};
		CE489DD628ABB68E003F67DF /* HTabView */ = {
			isa = PBXGroup;
			children = (
				CE489DD228ABB3CE003F67DF /* HTabViewCell.swift */,
				CE489DD428ABB488003F67DF /* HTabViewCollectionView.swift */,
			);
			path = HTabView;
			sourceTree = "<group>";
		};
/* End PBXGroup section */

/* Begin PBXNativeTarget section */
		CE489DB028AB964F003F67DF /* HTabView */ = {
			isa = PBXNativeTarget;
			buildConfigurationList = CE489DC528AB9651003F67DF /* Build configuration list for PBXNativeTarget "HTabView" */;
			buildPhases = (
				CE489DAD28AB964F003F67DF /* Sources */,
				CE489DAE28AB964F003F67DF /* Frameworks */,
				CE489DAF28AB964F003F67DF /* Resources */,
			);
			buildRules = (
			);
			dependencies = (
			);
			name = HTabView;
			productName = HTabView;
			productReference = CE489DB128AB964F003F67DF /* HTabView.app */;
			productType = "com.apple.product-type.application";
		};
/* End PBXNativeTarget section */

/* Begin PBXProject section */
		CE489DA928AB964F003F67DF /* Project object */ = {
			isa = PBXProject;
			attributes = {
				BuildIndependentTargetsInParallel = 1;
				LastSwiftUpdateCheck = 1340;
				LastUpgradeCheck = 1340;
				TargetAttributes = {
					CE489DB028AB964F003F67DF = {
						CreatedOnToolsVersion = 13.4.1;
					};
				};
			};
			buildConfigurationList = CE489DAC28AB964F003F67DF /* Build configuration list for PBXProject "HTabView" */;
			compatibilityVersion = "Xcode 13.0";
			developmentRegion = en;
			hasScannedForEncodings = 0;
			knownRegions = (
				en,
				Base,
			);
			mainGroup = CE489DA828AB964F003F67DF;
			productRefGroup = CE489DB228AB964F003F67DF /* Products */;
			projectDirPath = "";
			projectRoot = "";
			targets = (
				CE489DB028AB964F003F67DF /* HTabView */,
			);
		};
/* End PBXProject section */

/* Begin PBXResourcesBuildPhase section */
		CE489DAF28AB964F003F67DF /* Resources */ = {
			isa = PBXResourcesBuildPhase;
			buildActionMask = 2147483647;
			files = (
				CE489DC128AB9651003F67DF /* LaunchScreen.storyboard in Resources */,
				CE489DBE28AB9651003F67DF /* Assets.xcassets in Resources */,
			);
			runOnlyForDeploymentPostprocessing = 0;
		};
/* End PBXResourcesBuildPhase section */

/* Begin PBXSourcesBuildPhase section */
		CE489DAD28AB964F003F67DF /* Sources */ = {
			isa = PBXSourcesBuildPhase;
			buildActionMask = 2147483647;
			files = (
				CE489DD128AB981E003F67DF /* TabListtViewController.swift in Sources */,
				CE489DB528AB964F003F67DF /* AppDelegate.swift in Sources */,
				CE489DB728AB964F003F67DF /* SceneDelegate.swift in Sources */,
				CE489DD328ABB3CE003F67DF /* HTabViewCell.swift in Sources */,
				CE489DD528ABB488003F67DF /* HTabViewCollectionView.swift in Sources */,
			);
			runOnlyForDeploymentPostprocessing = 0;
		};
/* End PBXSourcesBuildPhase section */

/* Begin PBXVariantGroup section */
		CE489DBF28AB9651003F67DF /* LaunchScreen.storyboard */ = {
			isa = PBXVariantGroup;
			children = (
				CE489DC028AB9651003F67DF /* Base */,
			);
			name = LaunchScreen.storyboard;
			sourceTree = "<group>";
		};
/* End PBXVariantGroup section */

/* Begin XCBuildConfiguration section */
		CE489DC328AB9651003F67DF /* Debug */ = {
			isa = XCBuildConfiguration;
			buildSettings = {
				ALWAYS_SEARCH_USER_PATHS = NO;
				CLANG_ANALYZER_NONNULL = YES;
				CLANG_ANALYZER_NUMBER_OBJECT_CONVERSION = YES_AGGRESSIVE;
				CLANG_CXX_LANGUAGE_STANDARD = "gnu++17";
				CLANG_ENABLE_MODULES = YES;
				CLANG_ENABLE_OBJC_ARC = YES;
				CLANG_ENABLE_OBJC_WEAK = YES;
				CLANG_WARN_BLOCK_CAPTURE_AUTORELEASING = YES;
				CLANG_WARN_BOOL_CONVERSION = YES;
				CLANG_WARN_COMMA = YES;
				CLANG_WARN_CONSTANT_CONVERSION = YES;
				CLANG_WARN_DEPRECATED_OBJC_IMPLEMENTATIONS = YES;
				CLANG_WARN_DIRECT_OBJC_ISA_USAGE = YES_ERROR;
				CLANG_WARN_DOCUMENTATION_COMMENTS = YES;
				CLANG_WARN_EMPTY_BODY = YES;
				CLANG_WARN_ENUM_CONVERSION = YES;
				CLANG_WARN_INFINITE_RECURSION = YES;
				CLANG_WARN_INT_CONVERSION = YES;
				CLANG_WARN_NON_LITERAL_NULL_CONVERSION = YES;
				CLANG_WARN_OBJC_IMPLICIT_RETAIN_SELF = YES;
				CLANG_WARN_OBJC_LITERAL_CONVERSION = YES;
				CLANG_WARN_OBJC_ROOT_CLASS = YES_ERROR;
				CLANG_WARN_QUOTED_INCLUDE_IN_FRAMEWORK_HEADER = YES;
				CLANG_WARN_RANGE_LOOP_ANALYSIS = YES;
				CLANG_WARN_STRICT_PROTOTYPES = YES;
				CLANG_WARN_SUSPICIOUS_MOVE = YES;
				CLANG_WARN_UNGUARDED_AVAILABILITY = YES_AGGRESSIVE;
				CLANG_WARN_UNREACHABLE_CODE = YES;
				CLANG_WARN__DUPLICATE_METHOD_MATCH = YES;
				COPY_PHASE_STRIP = NO;
				DEBUG_INFORMATION_FORMAT = dwarf;
				ENABLE_STRICT_OBJC_MSGSEND = YES;
				ENABLE_TESTABILITY = YES;
				GCC_C_LANGUAGE_STANDARD = gnu11;
				GCC_DYNAMIC_NO_PIC = NO;
				GCC_NO_COMMON_BLOCKS = YES;
				GCC_OPTIMIZATION_LEVEL = 0;
				GCC_PREPROCESSOR_DEFINITIONS = (
					"DEBUG=1",
					"$(inherited)",
				);
				GCC_WARN_64_TO_32_BIT_CONVERSION = YES;
				GCC_WARN_ABOUT_RETURN_TYPE = YES_ERROR;
				GCC_WARN_UNDECLARED_SELECTOR = YES;
				GCC_WARN_UNINITIALIZED_AUTOS = YES_AGGRESSIVE;
				GCC_WARN_UNUSED_FUNCTION = YES;
				GCC_WARN_UNUSED_VARIABLE = YES;
				IPHONEOS_DEPLOYMENT_TARGET = 14.0;
				MTL_ENABLE_DEBUG_INFO = INCLUDE_SOURCE;
				MTL_FAST_MATH = YES;
				ONLY_ACTIVE_ARCH = YES;
				SDKROOT = iphoneos;
				SWIFT_ACTIVE_COMPILATION_CONDITIONS = DEBUG;
				SWIFT_OPTIMIZATION_LEVEL = "-Onone";
			};
			name = Debug;
		};
		CE489DC428AB9651003F67DF /* Release */ = {
			isa = XCBuildConfiguration;
			buildSettings = {
				ALWAYS_SEARCH_USER_PATHS = NO;
				CLANG_ANALYZER_NONNULL = YES;
				CLANG_ANALYZER_NUMBER_OBJECT_CONVERSION = YES_AGGRESSIVE;
				CLANG_CXX_LANGUAGE_STANDARD = "gnu++17";
				CLANG_ENABLE_MODULES = YES;
				CLANG_ENABLE_OBJC_ARC = YES;
				CLANG_ENABLE_OBJC_WEAK = YES;
				CLANG_WARN_BLOCK_CAPTURE_AUTORELEASING = YES;
				CLANG_WARN_BOOL_CONVERSION = YES;
				CLANG_WARN_COMMA = YES;
				CLANG_WARN_CONSTANT_CONVERSION = YES;
				CLANG_WARN_DEPRECATED_OBJC_IMPLEMENTATIONS = YES;
				CLANG_WARN_DIRECT_OBJC_ISA_USAGE = YES_ERROR;
				CLANG_WARN_DOCUMENTATION_COMMENTS = YES;
				CLANG_WARN_EMPTY_BODY = YES;
				CLANG_WARN_ENUM_CONVERSION = YES;
				CLANG_WARN_INFINITE_RECURSION = YES;
				CLANG_WARN_INT_CONVERSION = YES;
				CLANG_WARN_NON_LITERAL_NULL_CONVERSION = YES;
				CLANG_WARN_OBJC_IMPLICIT_RETAIN_SELF = YES;
				CLANG_WARN_OBJC_LITERAL_CONVERSION = YES;
				CLANG_WARN_OBJC_ROOT_CLASS = YES_ERROR;
				CLANG_WARN_QUOTED_INCLUDE_IN_FRAMEWORK_HEADER = YES;
				CLANG_WARN_RANGE_LOOP_ANALYSIS = YES;
				CLANG_WARN_STRICT_PROTOTYPES = YES;
				CLANG_WARN_SUSPICIOUS_MOVE = YES;
				CLANG_WARN_UNGUARDED_AVAILABILITY = YES_AGGRESSIVE;
				CLANG_WARN_UNREACHABLE_CODE = YES;
				CLANG_WARN__DUPLICATE_METHOD_MATCH = YES;
				COPY_PHASE_STRIP = NO;
				DEBUG_INFORMATION_FORMAT = "dwarf-with-dsym";
				ENABLE_NS_ASSERTIONS = NO;
				ENABLE_STRICT_OBJC_MSGSEND = YES;
				GCC_C_LANGUAGE_STANDARD = gnu11;
				GCC_NO_COMMON_BLOCKS = YES;
				GCC_WARN_64_TO_32_BIT_CONVERSION = YES;
				GCC_WARN_ABOUT_RETURN_TYPE = YES_ERROR;
				GCC_WARN_UNDECLARED_SELECTOR = YES;
				GCC_WARN_UNINITIALIZED_AUTOS = YES_AGGRESSIVE;
				GCC_WARN_UNUSED_FUNCTION = YES;
				GCC_WARN_UNUSED_VARIABLE = YES;
				IPHONEOS_DEPLOYMENT_TARGET = 14.0;
				MTL_ENABLE_DEBUG_INFO = NO;
				MTL_FAST_MATH = YES;
				SDKROOT = iphoneos;
				SWIFT_COMPILATION_MODE = wholemodule;
				SWIFT_OPTIMIZATION_LEVEL = "-O";
				VALIDATE_PRODUCT = YES;
			};
			name = Release;
		};
		CE489DC628AB9651003F67DF /* Debug */ = {
			isa = XCBuildConfiguration;
			buildSettings = {
				ASSETCATALOG_COMPILER_APPICON_NAME = AppIcon;
				ASSETCATALOG_COMPILER_GLOBAL_ACCENT_COLOR_NAME = AccentColor;
				CODE_SIGN_STYLE = Automatic;
				CURRENT_PROJECT_VERSION = 1;
				DEVELOPMENT_TEAM = FC6QKWA93F;
				GENERATE_INFOPLIST_FILE = YES;
				INFOPLIST_FILE = HTabView/Info.plist;
				INFOPLIST_KEY_UIApplicationSupportsIndirectInputEvents = YES;
				INFOPLIST_KEY_UILaunchStoryboardName = LaunchScreen;
				INFOPLIST_KEY_UISupportedInterfaceOrientations_iPad = "UIInterfaceOrientationPortrait UIInterfaceOrientationPortraitUpsideDown UIInterfaceOrientationLandscapeLeft UIInterfaceOrientationLandscapeRight";
				INFOPLIST_KEY_UISupportedInterfaceOrientations_iPhone = "UIInterfaceOrientationPortrait UIInterfaceOrientationLandscapeLeft UIInterfaceOrientationLandscapeRight";
				LD_RUNPATH_SEARCH_PATHS = (
					"$(inherited)",
					"@executable_path/Frameworks",
				);
				MARKETING_VERSION = 1.0;
				PRODUCT_BUNDLE_IDENTIFIER = me.swifter.HTabView;
				PRODUCT_NAME = "$(TARGET_NAME)";
				SWIFT_EMIT_LOC_STRINGS = YES;
				SWIFT_VERSION = 5.0;
				TARGETED_DEVICE_FAMILY = "1,2";
			};
			name = Debug;
		};
		CE489DC728AB9651003F67DF /* Release */ = {
			isa = XCBuildConfiguration;
			buildSettings = {
				ASSETCATALOG_COMPILER_APPICON_NAME = AppIcon;
				ASSETCATALOG_COMPILER_GLOBAL_ACCENT_COLOR_NAME = AccentColor;
				CODE_SIGN_STYLE = Automatic;
				CURRENT_PROJECT_VERSION = 1;
				DEVELOPMENT_TEAM = FC6QKWA93F;
				GENERATE_INFOPLIST_FILE = YES;
				INFOPLIST_FILE = HTabView/Info.plist;
				INFOPLIST_KEY_UIApplicationSupportsIndirectInputEvents = YES;
				INFOPLIST_KEY_UILaunchStoryboardName = LaunchScreen;
				INFOPLIST_KEY_UISupportedInterfaceOrientations_iPad = "UIInterfaceOrientationPortrait UIInterfaceOrientationPortraitUpsideDown UIInterfaceOrientationLandscapeLeft UIInterfaceOrientationLandscapeRight";
				INFOPLIST_KEY_UISupportedInterfaceOrientations_iPhone = "UIInterfaceOrientationPortrait UIInterfaceOrientationLandscapeLeft UIInterfaceOrientationLandscapeRight";
				LD_RUNPATH_SEARCH_PATHS = (
					"$(inherited)",
					"@executable_path/Frameworks",
				);
				MARKETING_VERSION = 1.0;
				PRODUCT_BUNDLE_IDENTIFIER = me.swifter.HTabView;
				PRODUCT_NAME = "$(TARGET_NAME)";
				SWIFT_EMIT_LOC_STRINGS = YES;
				SWIFT_VERSION = 5.0;
				TARGETED_DEVICE_FAMILY = "1,2";
			};
			name = Release;
		};
/* End XCBuildConfiguration section */

/* Begin XCConfigurationList section */
		CE489DAC28AB964F003F67DF /* Build configuration list for PBXProject "HTabView" */ = {
			isa = XCConfigurationList;
			buildConfigurations = (
				CE489DC328AB9651003F67DF /* Debug */,
				CE489DC428AB9651003F67DF /* Release */,
			);
			defaultConfigurationIsVisible = 0;
			defaultConfigurationName = Release;
		};
		CE489DC528AB9651003F67DF /* Build configuration list for PBXNativeTarget "HTabView" */ = {
			isa = XCConfigurationList;
			buildConfigurations = (
				CE489DC628AB9651003F67DF /* Debug */,
				CE489DC728AB9651003F67DF /* Release */,
			);
			defaultConfigurationIsVisible = 0;
			defaultConfigurationName = Release;
		};
/* End XCConfigurationList section */
	};
	rootObject = CE489DA928AB964F003F67DF /* Project object */;
}
